// !$*UTF8*$!
{
	archiveVersion = 1;
	classes = {
	};
	objectVersion = 50;
	objects = {

/* Begin PBXBuildFile section */
		0007A0BB221BCC0800FCD9CB /* UITextField+Style.swift in Sources */ = {isa = PBXBuildFile; fileRef = 0007A0BA221BCC0800FCD9CB /* UITextField+Style.swift */; };
		0007A0BD221BD2BE00FCD9CB /* CreateAddressServiceInteractor.swift in Sources */ = {isa = PBXBuildFile; fileRef = 0007A0BC221BD2BE00FCD9CB /* CreateAddressServiceInteractor.swift */; };
		003265962213D5C10000DA08 /* AddressListRouter.swift in Sources */ = {isa = PBXBuildFile; fileRef = 003265952213D5C10000DA08 /* AddressListRouter.swift */; };
		003265982213D7590000DA08 /* AddressListStateInteractor.swift in Sources */ = {isa = PBXBuildFile; fileRef = 003265972213D7590000DA08 /* AddressListStateInteractor.swift */; };
		0032659A2213E0980000DA08 /* AddressListCell.xib in Resources */ = {isa = PBXBuildFile; fileRef = 003265992213E0980000DA08 /* AddressListCell.xib */; };
		0032659C2213E11D0000DA08 /* AddressFormContract.swift in Sources */ = {isa = PBXBuildFile; fileRef = 0032659B2213E11D0000DA08 /* AddressFormContract.swift */; };
		0032659E2213E3EC0000DA08 /* AddressForm.storyboard in Resources */ = {isa = PBXBuildFile; fileRef = 0032659D2213E3EC0000DA08 /* AddressForm.storyboard */; };
		003265A02213E4000000DA08 /* AddressFormViewController.swift in Sources */ = {isa = PBXBuildFile; fileRef = 0032659F2213E4000000DA08 /* AddressFormViewController.swift */; };
		003265A222161DFF0000DA08 /* UINavigationBar+Style.swift in Sources */ = {isa = PBXBuildFile; fileRef = 003265A122161DFF0000DA08 /* UINavigationBar+Style.swift */; };
		00B4275E220F801600466D49 /* AppDelegate.swift in Sources */ = {isa = PBXBuildFile; fileRef = 00B4275D220F801600466D49 /* AppDelegate.swift */; };
		00B42765220F801A00466D49 /* Assets.xcassets in Resources */ = {isa = PBXBuildFile; fileRef = 00B42764220F801A00466D49 /* Assets.xcassets */; };
		00B42768220F801A00466D49 /* LaunchScreen.storyboard in Resources */ = {isa = PBXBuildFile; fileRef = 00B42766220F801A00466D49 /* LaunchScreen.storyboard */; };
		00B42773220F801A00466D49 /* example_projectTests.swift in Sources */ = {isa = PBXBuildFile; fileRef = 00B42772220F801A00466D49 /* example_projectTests.swift */; };
		00B427802210A2DE00466D49 /* AddressListViewController.swift in Sources */ = {isa = PBXBuildFile; fileRef = 00B4277F2210A2DE00466D49 /* AddressListViewController.swift */; };
		00B427822210A2F600466D49 /* AddressListContract.swift in Sources */ = {isa = PBXBuildFile; fileRef = 00B427812210A2F600466D49 /* AddressListContract.swift */; };
		00B427852210BE4F00466D49 /* PostalAddress.swift in Sources */ = {isa = PBXBuildFile; fileRef = 00B427842210BE4F00466D49 /* PostalAddress.swift */; };
		00B427892210BF3100466D49 /* AddressListCell.swift in Sources */ = {isa = PBXBuildFile; fileRef = 00B427872210BF3100466D49 /* AddressListCell.swift */; };
		00B4278C2210C4FC00466D49 /* AddressList.storyboard in Resources */ = {isa = PBXBuildFile; fileRef = 00B4278B2210C4FC00466D49 /* AddressList.storyboard */; };
		00B4278F2211245400466D49 /* UILabel+Style.swift in Sources */ = {isa = PBXBuildFile; fileRef = 00B4278E2211245400466D49 /* UILabel+Style.swift */; };
		00B427912211273900466D49 /* UIButton+Style.swift in Sources */ = {isa = PBXBuildFile; fileRef = 00B427902211273900466D49 /* UIButton+Style.swift */; };
		00B4279322113C4500466D49 /* AddressListCoordinator.swift in Sources */ = {isa = PBXBuildFile; fileRef = 00B4279222113C4500466D49 /* AddressListCoordinator.swift */; };
		00B4279622113DDD00466D49 /* AddressListServiceInteractor.swift in Sources */ = {isa = PBXBuildFile; fileRef = 00B4279522113DDD00466D49 /* AddressListServiceInteractor.swift */; };
/* End PBXBuildFile section */

/* Begin PBXContainerItemProxy section */
		00B4276F220F801A00466D49 /* PBXContainerItemProxy */ = {
			isa = PBXContainerItemProxy;
			containerPortal = 00B42752220F801600466D49 /* Project object */;
			proxyType = 1;
			remoteGlobalIDString = 00B42759220F801600466D49;
			remoteInfo = "example-project";
		};
/* End PBXContainerItemProxy section */

/* Begin PBXFileReference section */
		0007A0BA221BCC0800FCD9CB /* UITextField+Style.swift */ = {isa = PBXFileReference; lastKnownFileType = sourcecode.swift; path = "UITextField+Style.swift"; sourceTree = "<group>"; };
		0007A0BC221BD2BE00FCD9CB /* CreateAddressServiceInteractor.swift */ = {isa = PBXFileReference; lastKnownFileType = sourcecode.swift; path = CreateAddressServiceInteractor.swift; sourceTree = "<group>"; };
		003265952213D5C10000DA08 /* AddressListRouter.swift */ = {isa = PBXFileReference; lastKnownFileType = sourcecode.swift; path = AddressListRouter.swift; sourceTree = "<group>"; };
		003265972213D7590000DA08 /* AddressListStateInteractor.swift */ = {isa = PBXFileReference; lastKnownFileType = sourcecode.swift; path = AddressListStateInteractor.swift; sourceTree = "<group>"; };
		003265992213E0980000DA08 /* AddressListCell.xib */ = {isa = PBXFileReference; fileEncoding = 4; lastKnownFileType = file.xib; path = AddressListCell.xib; sourceTree = "<group>"; };
		0032659B2213E11D0000DA08 /* AddressFormContract.swift */ = {isa = PBXFileReference; lastKnownFileType = sourcecode.swift; path = AddressFormContract.swift; sourceTree = "<group>"; };
		0032659D2213E3EC0000DA08 /* AddressForm.storyboard */ = {isa = PBXFileReference; lastKnownFileType = file.storyboard; path = AddressForm.storyboard; sourceTree = "<group>"; };
		0032659F2213E4000000DA08 /* AddressFormViewController.swift */ = {isa = PBXFileReference; lastKnownFileType = sourcecode.swift; path = AddressFormViewController.swift; sourceTree = "<group>"; };
		003265A122161DFF0000DA08 /* UINavigationBar+Style.swift */ = {isa = PBXFileReference; lastKnownFileType = sourcecode.swift; path = "UINavigationBar+Style.swift"; sourceTree = "<group>"; };
		00B4275A220F801600466D49 /* example-project.app */ = {isa = PBXFileReference; explicitFileType = wrapper.application; includeInIndex = 0; path = "example-project.app"; sourceTree = BUILT_PRODUCTS_DIR; };
		00B4275D220F801600466D49 /* AppDelegate.swift */ = {isa = PBXFileReference; lastKnownFileType = sourcecode.swift; path = AppDelegate.swift; sourceTree = "<group>"; };
		00B42764220F801A00466D49 /* Assets.xcassets */ = {isa = PBXFileReference; lastKnownFileType = folder.assetcatalog; path = Assets.xcassets; sourceTree = "<group>"; };
		00B42767220F801A00466D49 /* Base */ = {isa = PBXFileReference; lastKnownFileType = file.storyboard; name = Base; path = Base.lproj/LaunchScreen.storyboard; sourceTree = "<group>"; };
		00B42769220F801A00466D49 /* Info.plist */ = {isa = PBXFileReference; lastKnownFileType = text.plist.xml; path = Info.plist; sourceTree = "<group>"; };
		00B4276E220F801A00466D49 /* example-projectTests.xctest */ = {isa = PBXFileReference; explicitFileType = wrapper.cfbundle; includeInIndex = 0; path = "example-projectTests.xctest"; sourceTree = BUILT_PRODUCTS_DIR; };
		00B42772220F801A00466D49 /* example_projectTests.swift */ = {isa = PBXFileReference; lastKnownFileType = sourcecode.swift; path = example_projectTests.swift; sourceTree = "<group>"; };
		00B42774220F801A00466D49 /* Info.plist */ = {isa = PBXFileReference; lastKnownFileType = text.plist.xml; path = Info.plist; sourceTree = "<group>"; };
		00B4277F2210A2DE00466D49 /* AddressListViewController.swift */ = {isa = PBXFileReference; lastKnownFileType = sourcecode.swift; path = AddressListViewController.swift; sourceTree = "<group>"; };
		00B427812210A2F600466D49 /* AddressListContract.swift */ = {isa = PBXFileReference; lastKnownFileType = sourcecode.swift; path = AddressListContract.swift; sourceTree = "<group>"; };
		00B427842210BE4F00466D49 /* PostalAddress.swift */ = {isa = PBXFileReference; lastKnownFileType = sourcecode.swift; path = PostalAddress.swift; sourceTree = "<group>"; };
		00B427872210BF3100466D49 /* AddressListCell.swift */ = {isa = PBXFileReference; lastKnownFileType = sourcecode.swift; path = AddressListCell.swift; sourceTree = "<group>"; };
		00B4278B2210C4FC00466D49 /* AddressList.storyboard */ = {isa = PBXFileReference; lastKnownFileType = file.storyboard; path = AddressList.storyboard; sourceTree = "<group>"; };
		00B4278E2211245400466D49 /* UILabel+Style.swift */ = {isa = PBXFileReference; lastKnownFileType = sourcecode.swift; path = "UILabel+Style.swift"; sourceTree = "<group>"; };
		00B427902211273900466D49 /* UIButton+Style.swift */ = {isa = PBXFileReference; lastKnownFileType = sourcecode.swift; path = "UIButton+Style.swift"; sourceTree = "<group>"; };
		00B4279222113C4500466D49 /* AddressListCoordinator.swift */ = {isa = PBXFileReference; lastKnownFileType = sourcecode.swift; path = AddressListCoordinator.swift; sourceTree = "<group>"; };
		00B4279522113DDD00466D49 /* AddressListServiceInteractor.swift */ = {isa = PBXFileReference; lastKnownFileType = sourcecode.swift; path = AddressListServiceInteractor.swift; sourceTree = "<group>"; };
/* End PBXFileReference section */

/* Begin PBXFrameworksBuildPhase section */
		00B42757220F801600466D49 /* Frameworks */ = {
			isa = PBXFrameworksBuildPhase;
			buildActionMask = 2147483647;
			files = (
			);
			runOnlyForDeploymentPostprocessing = 0;
		};
		00B4276B220F801A00466D49 /* Frameworks */ = {
			isa = PBXFrameworksBuildPhase;
			buildActionMask = 2147483647;
			files = (
			);
			runOnlyForDeploymentPostprocessing = 0;
		};
/* End PBXFrameworksBuildPhase section */

/* Begin PBXGroup section */
		00B42751220F801600466D49 = {
			isa = PBXGroup;
			children = (
				00B4275C220F801600466D49 /* example-project */,
				00B42771220F801A00466D49 /* example-projectTests */,
				00B4275B220F801600466D49 /* Products */,
			);
			sourceTree = "<group>";
		};
		00B4275B220F801600466D49 /* Products */ = {
			isa = PBXGroup;
			children = (
				00B4275A220F801600466D49 /* example-project.app */,
				00B4276E220F801A00466D49 /* example-projectTests.xctest */,
			);
			name = Products;
			sourceTree = "<group>";
		};
		00B4275C220F801600466D49 /* example-project */ = {
			isa = PBXGroup;
			children = (
				00B4275D220F801600466D49 /* AppDelegate.swift */,
				00B4279422113D9D00466D49 /* NetworkService */,
				00B4278D221122ED00466D49 /* Extensions */,
				00B427832210BE3C00466D49 /* Models */,
				00B4279C221147B000466D49 /* Features */,
				00B42764220F801A00466D49 /* Assets.xcassets */,
				00B42766220F801A00466D49 /* LaunchScreen.storyboard */,
				00B42769220F801A00466D49 /* Info.plist */,
			);
			path = "example-project";
			sourceTree = "<group>";
		};
		00B42771220F801A00466D49 /* example-projectTests */ = {
			isa = PBXGroup;
			children = (
				00B42772220F801A00466D49 /* example_projectTests.swift */,
				00B42774220F801A00466D49 /* Info.plist */,
			);
			path = "example-projectTests";
			sourceTree = "<group>";
		};
		00B4277D220F80AB00466D49 /* AddressList */ = {
			isa = PBXGroup;
			children = (
				00B427812210A2F600466D49 /* AddressListContract.swift */,
				00B4278B2210C4FC00466D49 /* AddressList.storyboard */,
				00B4277F2210A2DE00466D49 /* AddressListViewController.swift */,
				00B4279222113C4500466D49 /* AddressListCoordinator.swift */,
				003265952213D5C10000DA08 /* AddressListRouter.swift */,
				003265972213D7590000DA08 /* AddressListStateInteractor.swift */,
				00B427862210BF0B00466D49 /* Cells */,
			);
			path = AddressList;
			sourceTree = "<group>";
		};
		00B4277E220F811400466D49 /* AddressForm */ = {
			isa = PBXGroup;
			children = (
				0032659B2213E11D0000DA08 /* AddressFormContract.swift */,
				0032659D2213E3EC0000DA08 /* AddressForm.storyboard */,
				0032659F2213E4000000DA08 /* AddressFormViewController.swift */,
			);
			path = AddressForm;
			sourceTree = "<group>";
		};
		00B427832210BE3C00466D49 /* Models */ = {
			isa = PBXGroup;
			children = (
				00B427842210BE4F00466D49 /* PostalAddress.swift */,
			);
			path = Models;
			sourceTree = "<group>";
		};
		00B427862210BF0B00466D49 /* Cells */ = {
			isa = PBXGroup;
			children = (
				003265992213E0980000DA08 /* AddressListCell.xib */,
				00B427872210BF3100466D49 /* AddressListCell.swift */,
			);
			path = Cells;
			sourceTree = "<group>";
		};
		00B4278D221122ED00466D49 /* Extensions */ = {
			isa = PBXGroup;
			children = (
				00B4278E2211245400466D49 /* UILabel+Style.swift */,
				00B427902211273900466D49 /* UIButton+Style.swift */,
				003265A122161DFF0000DA08 /* UINavigationBar+Style.swift */,
				0007A0BA221BCC0800FCD9CB /* UITextField+Style.swift */,
			);
			path = Extensions;
			sourceTree = "<group>";
		};
		00B4279422113D9D00466D49 /* NetworkService */ = {
			isa = PBXGroup;
			children = (
				00B4279522113DDD00466D49 /* AddressListServiceInteractor.swift */,
				0007A0BC221BD2BE00FCD9CB /* CreateAddressServiceInteractor.swift */,
			);
			path = NetworkService;
			sourceTree = "<group>";
		};
		00B4279B2211479500466D49 /* AddressSaveSuccess */ = {
			isa = PBXGroup;
			children = (
			);
			path = AddressSaveSuccess;
			sourceTree = "<group>";
		};
		00B4279C221147B000466D49 /* Features */ = {
			isa = PBXGroup;
			children = (
				00B4279B2211479500466D49 /* AddressSaveSuccess */,
				00B4277E220F811400466D49 /* AddressForm */,
				00B4277D220F80AB00466D49 /* AddressList */,
			);
			path = Features;
			sourceTree = "<group>";
		};
/* End PBXGroup section */

/* Begin PBXNativeTarget section */
		00B42759220F801600466D49 /* example-project */ = {
			isa = PBXNativeTarget;
			buildConfigurationList = 00B42777220F801A00466D49 /* Build configuration list for PBXNativeTarget "example-project" */;
			buildPhases = (
				00B42756220F801600466D49 /* Sources */,
				00B42757220F801600466D49 /* Frameworks */,
				00B42758220F801600466D49 /* Resources */,
			);
			buildRules = (
			);
			dependencies = (
			);
			name = "example-project";
			productName = "example-project";
			productReference = 00B4275A220F801600466D49 /* example-project.app */;
			productType = "com.apple.product-type.application";
		};
		00B4276D220F801A00466D49 /* example-projectTests */ = {
			isa = PBXNativeTarget;
			buildConfigurationList = 00B4277A220F801A00466D49 /* Build configuration list for PBXNativeTarget "example-projectTests" */;
			buildPhases = (
				00B4276A220F801A00466D49 /* Sources */,
				00B4276B220F801A00466D49 /* Frameworks */,
				00B4276C220F801A00466D49 /* Resources */,
			);
			buildRules = (
			);
			dependencies = (
				00B42770220F801A00466D49 /* PBXTargetDependency */,
			);
			name = "example-projectTests";
			productName = "example-projectTests";
			productReference = 00B4276E220F801A00466D49 /* example-projectTests.xctest */;
			productType = "com.apple.product-type.bundle.unit-test";
		};
/* End PBXNativeTarget section */

/* Begin PBXProject section */
		00B42752220F801600466D49 /* Project object */ = {
			isa = PBXProject;
			attributes = {
				LastSwiftUpdateCheck = 1010;
				LastUpgradeCheck = 1010;
				ORGANIZATIONNAME = "Trey Baugher";
				TargetAttributes = {
					00B42759220F801600466D49 = {
						CreatedOnToolsVersion = 10.1;
					};
					00B4276D220F801A00466D49 = {
						CreatedOnToolsVersion = 10.1;
						TestTargetID = 00B42759220F801600466D49;
					};
				};
			};
			buildConfigurationList = 00B42755220F801600466D49 /* Build configuration list for PBXProject "example-project" */;
			compatibilityVersion = "Xcode 9.3";
			developmentRegion = en;
			hasScannedForEncodings = 0;
			knownRegions = (
				en,
				Base,
			);
			mainGroup = 00B42751220F801600466D49;
			productRefGroup = 00B4275B220F801600466D49 /* Products */;
			projectDirPath = "";
			projectRoot = "";
			targets = (
				00B42759220F801600466D49 /* example-project */,
				00B4276D220F801A00466D49 /* example-projectTests */,
			);
		};
/* End PBXProject section */

/* Begin PBXResourcesBuildPhase section */
		00B42758220F801600466D49 /* Resources */ = {
			isa = PBXResourcesBuildPhase;
			buildActionMask = 2147483647;
			files = (
				00B4278C2210C4FC00466D49 /* AddressList.storyboard in Resources */,
				0032659A2213E0980000DA08 /* AddressListCell.xib in Resources */,
				00B42768220F801A00466D49 /* LaunchScreen.storyboard in Resources */,
				0032659E2213E3EC0000DA08 /* AddressForm.storyboard in Resources */,
				00B42765220F801A00466D49 /* Assets.xcassets in Resources */,
			);
			runOnlyForDeploymentPostprocessing = 0;
		};
		00B4276C220F801A00466D49 /* Resources */ = {
			isa = PBXResourcesBuildPhase;
			buildActionMask = 2147483647;
			files = (
			);
			runOnlyForDeploymentPostprocessing = 0;
		};
/* End PBXResourcesBuildPhase section */

/* Begin PBXSourcesBuildPhase section */
		00B42756220F801600466D49 /* Sources */ = {
			isa = PBXSourcesBuildPhase;
			buildActionMask = 2147483647;
			files = (
				00B427822210A2F600466D49 /* AddressListContract.swift in Sources */,
				00B4278F2211245400466D49 /* UILabel+Style.swift in Sources */,
				00B427852210BE4F00466D49 /* PostalAddress.swift in Sources */,
				003265A02213E4000000DA08 /* AddressFormViewController.swift in Sources */,
				00B4279322113C4500466D49 /* AddressListCoordinator.swift in Sources */,
				0007A0BD221BD2BE00FCD9CB /* CreateAddressServiceInteractor.swift in Sources */,
				00B427892210BF3100466D49 /* AddressListCell.swift in Sources */,
				00B4279622113DDD00466D49 /* AddressListServiceInteractor.swift in Sources */,
				003265A222161DFF0000DA08 /* UINavigationBar+Style.swift in Sources */,
				00B427802210A2DE00466D49 /* AddressListViewController.swift in Sources */,
				0032659C2213E11D0000DA08 /* AddressFormContract.swift in Sources */,
				00B427912211273900466D49 /* UIButton+Style.swift in Sources */,
				0007A0BB221BCC0800FCD9CB /* UITextField+Style.swift in Sources */,
				003265962213D5C10000DA08 /* AddressListRouter.swift in Sources */,
				003265982213D7590000DA08 /* AddressListStateInteractor.swift in Sources */,
				00B4275E220F801600466D49 /* AppDelegate.swift in Sources */,
			);
			runOnlyForDeploymentPostprocessing = 0;
		};
		00B4276A220F801A00466D49 /* Sources */ = {
			isa = PBXSourcesBuildPhase;
			buildActionMask = 2147483647;
			files = (
				00B42773220F801A00466D49 /* example_projectTests.swift in Sources */,
			);
			runOnlyForDeploymentPostprocessing = 0;
		};
/* End PBXSourcesBuildPhase section */

/* Begin PBXTargetDependency section */
		00B42770220F801A00466D49 /* PBXTargetDependency */ = {
			isa = PBXTargetDependency;
			target = 00B42759220F801600466D49 /* example-project */;
			targetProxy = 00B4276F220F801A00466D49 /* PBXContainerItemProxy */;
		};
/* End PBXTargetDependency section */

/* Begin PBXVariantGroup section */
		00B42766220F801A00466D49 /* LaunchScreen.storyboard */ = {
			isa = PBXVariantGroup;
			children = (
				00B42767220F801A00466D49 /* Base */,
			);
			name = LaunchScreen.storyboard;
			sourceTree = "<group>";
		};
/* End PBXVariantGroup section */

/* Begin XCBuildConfiguration section */
		00B42775220F801A00466D49 /* Debug */ = {
			isa = XCBuildConfiguration;
			buildSettings = {
				ALWAYS_SEARCH_USER_PATHS = NO;
				CLANG_ANALYZER_NONNULL = YES;
				CLANG_ANALYZER_NUMBER_OBJECT_CONVERSION = YES_AGGRESSIVE;
				CLANG_CXX_LANGUAGE_STANDARD = "gnu++14";
				CLANG_CXX_LIBRARY = "libc++";
				CLANG_ENABLE_MODULES = YES;
				CLANG_ENABLE_OBJC_ARC = YES;
				CLANG_ENABLE_OBJC_WEAK = YES;
				CLANG_WARN_BLOCK_CAPTURE_AUTORELEASING = YES;
				CLANG_WARN_BOOL_CONVERSION = YES;
				CLANG_WARN_COMMA = YES;
				CLANG_WARN_CONSTANT_CONVERSION = YES;
				CLANG_WARN_DEPRECATED_OBJC_IMPLEMENTATIONS = YES;
				CLANG_WARN_DIRECT_OBJC_ISA_USAGE = YES_ERROR;
				CLANG_WARN_DOCUMENTATION_COMMENTS = YES;
				CLANG_WARN_EMPTY_BODY = YES;
				CLANG_WARN_ENUM_CONVERSION = YES;
				CLANG_WARN_INFINITE_RECURSION = YES;
				CLANG_WARN_INT_CONVERSION = YES;
				CLANG_WARN_NON_LITERAL_NULL_CONVERSION = YES;
				CLANG_WARN_OBJC_IMPLICIT_RETAIN_SELF = YES;
				CLANG_WARN_OBJC_LITERAL_CONVERSION = YES;
				CLANG_WARN_OBJC_ROOT_CLASS = YES_ERROR;
				CLANG_WARN_RANGE_LOOP_ANALYSIS = YES;
				CLANG_WARN_STRICT_PROTOTYPES = YES;
				CLANG_WARN_SUSPICIOUS_MOVE = YES;
				CLANG_WARN_UNGUARDED_AVAILABILITY = YES_AGGRESSIVE;
				CLANG_WARN_UNREACHABLE_CODE = YES;
				CLANG_WARN__DUPLICATE_METHOD_MATCH = YES;
				CODE_SIGN_IDENTITY = "iPhone Developer";
				COPY_PHASE_STRIP = NO;
				DEBUG_INFORMATION_FORMAT = dwarf;
				ENABLE_STRICT_OBJC_MSGSEND = YES;
				ENABLE_TESTABILITY = YES;
				GCC_C_LANGUAGE_STANDARD = gnu11;
				GCC_DYNAMIC_NO_PIC = NO;
				GCC_NO_COMMON_BLOCKS = YES;
				GCC_OPTIMIZATION_LEVEL = 0;
				GCC_PREPROCESSOR_DEFINITIONS = (
					"DEBUG=1",
					"$(inherited)",
				);
				GCC_WARN_64_TO_32_BIT_CONVERSION = YES;
				GCC_WARN_ABOUT_RETURN_TYPE = YES_ERROR;
				GCC_WARN_UNDECLARED_SELECTOR = YES;
				GCC_WARN_UNINITIALIZED_AUTOS = YES_AGGRESSIVE;
				GCC_WARN_UNUSED_FUNCTION = YES;
				GCC_WARN_UNUSED_VARIABLE = YES;
				IPHONEOS_DEPLOYMENT_TARGET = 12.1;
				MTL_ENABLE_DEBUG_INFO = INCLUDE_SOURCE;
				MTL_FAST_MATH = YES;
				ONLY_ACTIVE_ARCH = YES;
				SDKROOT = iphoneos;
				SWIFT_ACTIVE_COMPILATION_CONDITIONS = DEBUG;
				SWIFT_OPTIMIZATION_LEVEL = "-Onone";
			};
			name = Debug;
		};
		00B42776220F801A00466D49 /* Release */ = {
			isa = XCBuildConfiguration;
			buildSettings = {
				ALWAYS_SEARCH_USER_PATHS = NO;
				CLANG_ANALYZER_NONNULL = YES;
				CLANG_ANALYZER_NUMBER_OBJECT_CONVERSION = YES_AGGRESSIVE;
				CLANG_CXX_LANGUAGE_STANDARD = "gnu++14";
				CLANG_CXX_LIBRARY = "libc++";
				CLANG_ENABLE_MODULES = YES;
				CLANG_ENABLE_OBJC_ARC = YES;
				CLANG_ENABLE_OBJC_WEAK = YES;
				CLANG_WARN_BLOCK_CAPTURE_AUTORELEASING = YES;
				CLANG_WARN_BOOL_CONVERSION = YES;
				CLANG_WARN_COMMA = YES;
				CLANG_WARN_CONSTANT_CONVERSION = YES;
				CLANG_WARN_DEPRECATED_OBJC_IMPLEMENTATIONS = YES;
				CLANG_WARN_DIRECT_OBJC_ISA_USAGE = YES_ERROR;
				CLANG_WARN_DOCUMENTATION_COMMENTS = YES;
				CLANG_WARN_EMPTY_BODY = YES;
				CLANG_WARN_ENUM_CONVERSION = YES;
				CLANG_WARN_INFINITE_RECURSION = YES;
				CLANG_WARN_INT_CONVERSION = YES;
				CLANG_WARN_NON_LITERAL_NULL_CONVERSION = YES;
				CLANG_WARN_OBJC_IMPLICIT_RETAIN_SELF = YES;
				CLANG_WARN_OBJC_LITERAL_CONVERSION = YES;
				CLANG_WARN_OBJC_ROOT_CLASS = YES_ERROR;
				CLANG_WARN_RANGE_LOOP_ANALYSIS = YES;
				CLANG_WARN_STRICT_PROTOTYPES = YES;
				CLANG_WARN_SUSPICIOUS_MOVE = YES;
				CLANG_WARN_UNGUARDED_AVAILABILITY = YES_AGGRESSIVE;
				CLANG_WARN_UNREACHABLE_CODE = YES;
				CLANG_WARN__DUPLICATE_METHOD_MATCH = YES;
				CODE_SIGN_IDENTITY = "iPhone Developer";
				COPY_PHASE_STRIP = NO;
				DEBUG_INFORMATION_FORMAT = "dwarf-with-dsym";
				ENABLE_NS_ASSERTIONS = NO;
				ENABLE_STRICT_OBJC_MSGSEND = YES;
				GCC_C_LANGUAGE_STANDARD = gnu11;
				GCC_NO_COMMON_BLOCKS = YES;
				GCC_WARN_64_TO_32_BIT_CONVERSION = YES;
				GCC_WARN_ABOUT_RETURN_TYPE = YES_ERROR;
				GCC_WARN_UNDECLARED_SELECTOR = YES;
				GCC_WARN_UNINITIALIZED_AUTOS = YES_AGGRESSIVE;
				GCC_WARN_UNUSED_FUNCTION = YES;
				GCC_WARN_UNUSED_VARIABLE = YES;
				IPHONEOS_DEPLOYMENT_TARGET = 12.1;
				MTL_ENABLE_DEBUG_INFO = NO;
				MTL_FAST_MATH = YES;
				SDKROOT = iphoneos;
				SWIFT_COMPILATION_MODE = wholemodule;
				SWIFT_OPTIMIZATION_LEVEL = "-O";
				VALIDATE_PRODUCT = YES;
			};
			name = Release;
		};
		00B42778220F801A00466D49 /* Debug */ = {
			isa = XCBuildConfiguration;
			buildSettings = {
				ASSETCATALOG_COMPILER_APPICON_NAME = AppIcon;
				CODE_SIGN_STYLE = Automatic;
				DEVELOPMENT_TEAM = 2D3Y7VHQ54;
				INFOPLIST_FILE = "example-project/Info.plist";
				LD_RUNPATH_SEARCH_PATHS = (
					"$(inherited)",
					"@executable_path/Frameworks",
				);
				PRODUCT_BUNDLE_IDENTIFIER = "com.trey-makes-apps.example-project";
				PRODUCT_NAME = "$(TARGET_NAME)";
				SWIFT_VERSION = 4.2;
				TARGETED_DEVICE_FAMILY = "1,2";
			};
			name = Debug;
		};
		00B42779220F801A00466D49 /* Release */ = {
			isa = XCBuildConfiguration;
			buildSettings = {
				ASSETCATALOG_COMPILER_APPICON_NAME = AppIcon;
				CODE_SIGN_STYLE = Automatic;
				DEVELOPMENT_TEAM = 2D3Y7VHQ54;
				INFOPLIST_FILE = "example-project/Info.plist";
				LD_RUNPATH_SEARCH_PATHS = (
					"$(inherited)",
					"@executable_path/Frameworks",
				);
				PRODUCT_BUNDLE_IDENTIFIER = "com.trey-makes-apps.example-project";
				PRODUCT_NAME = "$(TARGET_NAME)";
				SWIFT_VERSION = 4.2;
				TARGETED_DEVICE_FAMILY = "1,2";
			};
			name = Release;
		};
		00B4277B220F801A00466D49 /* Debug */ = {
			isa = XCBuildConfiguration;
			buildSettings = {
				ALWAYS_EMBED_SWIFT_STANDARD_LIBRARIES = YES;
				BUNDLE_LOADER = "$(TEST_HOST)";
				CODE_SIGN_STYLE = Automatic;
				DEVELOPMENT_TEAM = 2D3Y7VHQ54;
				INFOPLIST_FILE = "example-projectTests/Info.plist";
				LD_RUNPATH_SEARCH_PATHS = (
					"$(inherited)",
					"@executable_path/Frameworks",
					"@loader_path/Frameworks",
				);
				PRODUCT_BUNDLE_IDENTIFIER = "com.trey-makes-apps.example-projectTests";
				PRODUCT_NAME = "$(TARGET_NAME)";
				SWIFT_VERSION = 4.2;
				TARGETED_DEVICE_FAMILY = "1,2";
				TEST_HOST = "$(BUILT_PRODUCTS_DIR)/example-project.app/example-project";
			};
			name = Debug;
		};
		00B4277C220F801A00466D49 /* Release */ = {
			isa = XCBuildConfiguration;
			buildSettings = {
				ALWAYS_EMBED_SWIFT_STANDARD_LIBRARIES = YES;
				BUNDLE_LOADER = "$(TEST_HOST)";
				CODE_SIGN_STYLE = Automatic;
				DEVELOPMENT_TEAM = 2D3Y7VHQ54;
				INFOPLIST_FILE = "example-projectTests/Info.plist";
				LD_RUNPATH_SEARCH_PATHS = (
					"$(inherited)",
					"@executable_path/Frameworks",
					"@loader_path/Frameworks",
				);
				PRODUCT_BUNDLE_IDENTIFIER = "com.trey-makes-apps.example-projectTests";
				PRODUCT_NAME = "$(TARGET_NAME)";
				SWIFT_VERSION = 4.2;
				TARGETED_DEVICE_FAMILY = "1,2";
				TEST_HOST = "$(BUILT_PRODUCTS_DIR)/example-project.app/example-project";
			};
			name = Release;
		};
/* End XCBuildConfiguration section */

/* Begin XCConfigurationList section */
		00B42755220F801600466D49 /* Build configuration list for PBXProject "example-project" */ = {
			isa = XCConfigurationList;
			buildConfigurations = (
				00B42775220F801A00466D49 /* Debug */,
				00B42776220F801A00466D49 /* Release */,
			);
			defaultConfigurationIsVisible = 0;
			defaultConfigurationName = Release;
		};
		00B42777220F801A00466D49 /* Build configuration list for PBXNativeTarget "example-project" */ = {
			isa = XCConfigurationList;
			buildConfigurations = (
				00B42778220F801A00466D49 /* Debug */,
				00B42779220F801A00466D49 /* Release */,
			);
			defaultConfigurationIsVisible = 0;
			defaultConfigurationName = Release;
		};
		00B4277A220F801A00466D49 /* Build configuration list for PBXNativeTarget "example-projectTests" */ = {
			isa = XCConfigurationList;
			buildConfigurations = (
				00B4277B220F801A00466D49 /* Debug */,
				00B4277C220F801A00466D49 /* Release */,
			);
			defaultConfigurationIsVisible = 0;
			defaultConfigurationName = Release;
		};
/* End XCConfigurationList section */
	};
	rootObject = 00B42752220F801600466D49 /* Project object */;
}
